{
  "requires": true,
  "lockfileVersion": 1,
  "dependencies": {
    "@types/chartjs": {
      "version": "0.0.31",
      "resolved": "https://registry.npmjs.org/@types/chartjs/-/chartjs-0.0.31.tgz",
      "integrity": "sha512-eF1AgrIO0qP9KJYwM2dTKL2pczTjiLa0hfmZdQfKiqFq5WIvFTKPn1gkgADitF5sT4byEyq4EFdMVvuPIk6zeQ=="
    }
  }
}
